
Microsoft Visual Studio Solution File, Format Version 12.00
# Visual Studio Version 17
VisualStudioVersion = 17.7.34003.232
MinimumVisualStudioVersion = 10.0.40219.1
Project("{FAE04EC0-301F-11D3-BF4B-00C04F79EFBC}") = "JWTAuthentication", "JWTAuthentication\JWTAuthentication.csproj", "{AFE551AF-9DFC-4271-852E-C0F23948A9F2}"
EndProject
Global
	GlobalSection(SolutionConfigurationPlatforms) = preSolution
		Debug|Any CPU = Debug|Any CPU
		Release|Any CPU = Release|Any CPU
	EndGlobalSection
	GlobalSection(ProjectConfigurationPlatforms) = postSolution
		{AFE551AF-9DFC-4271-852E-C0F23948A9F2}.Debug|Any CPU.ActiveCfg = Debug|Any CPU
		{AFE551AF-9DFC-4271-852E-C0F23948A9F2}.Debug|Any CPU.Build.0 = Debug|Any CPU
		{AFE551AF-9DFC-4271-852E-C0F23948A9F2}.Release|Any CPU.ActiveCfg = Release|Any CPU
		{AFE551AF-9DFC-4271-852E-C0F23948A9F2}.Release|Any CPU.Build.0 = Release|Any CPU
	EndGlobalSection
	GlobalSection(SolutionProperties) = preSolution
		HideSolutionNode = FALSE
	EndGlobalSection
	GlobalSection(ExtensibilityGlobals) = postSolution
		SolutionGuid = {5B9CFA57-702E-4592-BD88-1AB93A3F5A83}
	EndGlobalSection
EndGlobal
